// !$*UTF8*$!
{
	archiveVersion = 1;
	classes = {
	};
	objectVersion = 48;
	objects = {

/* Begin PBXBuildFile section */
		31A072E54124622316FD7440 /* Pods_RxPracticalIniOS.framework in Frameworks */ = {isa = PBXBuildFile; fileRef = 2081D92A741015C7D1357A42 /* Pods_RxPracticalIniOS.framework */; };
		816FDCEF202B115200D835A7 /* AppDelegate.swift in Sources */ = {isa = PBXBuildFile; fileRef = 816FDCEE202B115200D835A7 /* AppDelegate.swift */; };
		816FDCF1202B115200D835A7 /* ViewController.swift in Sources */ = {isa = PBXBuildFile; fileRef = 816FDCF0202B115200D835A7 /* ViewController.swift */; };
		816FDCF4202B115200D835A7 /* Main.storyboard in Resources */ = {isa = PBXBuildFile; fileRef = 816FDCF2202B115200D835A7 /* Main.storyboard */; };
		816FDCF6202B115200D835A7 /* Assets.xcassets in Resources */ = {isa = PBXBuildFile; fileRef = 816FDCF5202B115200D835A7 /* Assets.xcassets */; };
		816FDCF9202B115200D835A7 /* LaunchScreen.storyboard in Resources */ = {isa = PBXBuildFile; fileRef = 816FDCF7202B115200D835A7 /* LaunchScreen.storyboard */; };
		8173BDC4202BFE400080EBDC /* LoginViewModel.swift in Sources */ = {isa = PBXBuildFile; fileRef = 8173BDC3202BFE400080EBDC /* LoginViewModel.swift */; };
		8173BDC6202C0A5D0080EBDC /* TableViewCell.swift in Sources */ = {isa = PBXBuildFile; fileRef = 8173BDC5202C0A5D0080EBDC /* TableViewCell.swift */; };
		8173BDC8202C0B330080EBDC /* RxTableViewVC.swift in Sources */ = {isa = PBXBuildFile; fileRef = 8173BDC7202C0B330080EBDC /* RxTableViewVC.swift */; };
/* End PBXBuildFile section */

/* Begin PBXFileReference section */
		2081D92A741015C7D1357A42 /* Pods_RxPracticalIniOS.framework */ = {isa = PBXFileReference; explicitFileType = wrapper.framework; includeInIndex = 0; path = Pods_RxPracticalIniOS.framework; sourceTree = BUILT_PRODUCTS_DIR; };
		816FDCEB202B115200D835A7 /* RxPracticalIniOS.app */ = {isa = PBXFileReference; explicitFileType = wrapper.application; includeInIndex = 0; path = RxPracticalIniOS.app; sourceTree = BUILT_PRODUCTS_DIR; };
		816FDCEE202B115200D835A7 /* AppDelegate.swift */ = {isa = PBXFileReference; lastKnownFileType = sourcecode.swift; path = AppDelegate.swift; sourceTree = "<group>"; };
		816FDCF0202B115200D835A7 /* ViewController.swift */ = {isa = PBXFileReference; lastKnownFileType = sourcecode.swift; path = ViewController.swift; sourceTree = "<group>"; };
		816FDCF3202B115200D835A7 /* Base */ = {isa = PBXFileReference; lastKnownFileType = file.storyboard; name = Base; path = Base.lproj/Main.storyboard; sourceTree = "<group>"; };
		816FDCF5202B115200D835A7 /* Assets.xcassets */ = {isa = PBXFileReference; lastKnownFileType = folder.assetcatalog; path = Assets.xcassets; sourceTree = "<group>"; };
		816FDCF8202B115200D835A7 /* Base */ = {isa = PBXFileReference; lastKnownFileType = file.storyboard; name = Base; path = Base.lproj/LaunchScreen.storyboard; sourceTree = "<group>"; };
		816FDCFA202B115200D835A7 /* Info.plist */ = {isa = PBXFileReference; lastKnownFileType = text.plist.xml; path = Info.plist; sourceTree = "<group>"; };
		8173BDC3202BFE400080EBDC /* LoginViewModel.swift */ = {isa = PBXFileReference; lastKnownFileType = sourcecode.swift; path = LoginViewModel.swift; sourceTree = "<group>"; };
		8173BDC5202C0A5D0080EBDC /* TableViewCell.swift */ = {isa = PBXFileReference; lastKnownFileType = sourcecode.swift; path = TableViewCell.swift; sourceTree = "<group>"; };
		8173BDC7202C0B330080EBDC /* RxTableViewVC.swift */ = {isa = PBXFileReference; lastKnownFileType = sourcecode.swift; path = RxTableViewVC.swift; sourceTree = "<group>"; };
		8CB967A1C54964A654FC5A12 /* Pods-RxPracticalIniOS.debug.xcconfig */ = {isa = PBXFileReference; includeInIndex = 1; lastKnownFileType = text.xcconfig; name = "Pods-RxPracticalIniOS.debug.xcconfig"; path = "Pods/Target Support Files/Pods-RxPracticalIniOS/Pods-RxPracticalIniOS.debug.xcconfig"; sourceTree = "<group>"; };
		E53CBEC28C9076EF2AE7C848 /* Pods-RxPracticalIniOS.release.xcconfig */ = {isa = PBXFileReference; includeInIndex = 1; lastKnownFileType = text.xcconfig; name = "Pods-RxPracticalIniOS.release.xcconfig"; path = "Pods/Target Support Files/Pods-RxPracticalIniOS/Pods-RxPracticalIniOS.release.xcconfig"; sourceTree = "<group>"; };
/* End PBXFileReference section */

/* Begin PBXFrameworksBuildPhase section */
		816FDCE8202B115200D835A7 /* Frameworks */ = {
			isa = PBXFrameworksBuildPhase;
			buildActionMask = 2147483647;
			files = (
				31A072E54124622316FD7440 /* Pods_RxPracticalIniOS.framework in Frameworks */,
			);
			runOnlyForDeploymentPostprocessing = 0;
		};
/* End PBXFrameworksBuildPhase section */

/* Begin PBXGroup section */
		1B4C5C65A6B54435BC6F49AD /* Pods */ = {
			isa = PBXGroup;
			children = (
				8CB967A1C54964A654FC5A12 /* Pods-RxPracticalIniOS.debug.xcconfig */,
				E53CBEC28C9076EF2AE7C848 /* Pods-RxPracticalIniOS.release.xcconfig */,
			);
			name = Pods;
			sourceTree = "<group>";
		};
		816FDCE2202B115200D835A7 = {
			isa = PBXGroup;
			children = (
				816FDCED202B115200D835A7 /* RxPracticalIniOS */,
				816FDCEC202B115200D835A7 /* Products */,
				1B4C5C65A6B54435BC6F49AD /* Pods */,
				AB03CADC120C7EF50F37C9B0 /* Frameworks */,
			);
			sourceTree = "<group>";
		};
		816FDCEC202B115200D835A7 /* Products */ = {
			isa = PBXGroup;
			children = (
				816FDCEB202B115200D835A7 /* RxPracticalIniOS.app */,
			);
			name = Products;
			sourceTree = "<group>";
		};
		816FDCED202B115200D835A7 /* RxPracticalIniOS */ = {
			isa = PBXGroup;
			children = (
				816FDCEE202B115200D835A7 /* AppDelegate.swift */,
				8173BDC3202BFE400080EBDC /* LoginViewModel.swift */,
				8173BDC5202C0A5D0080EBDC /* TableViewCell.swift */,
				816FDCF0202B115200D835A7 /* ViewController.swift */,
				8173BDC7202C0B330080EBDC /* RxTableViewVC.swift */,
				816FDCF2202B115200D835A7 /* Main.storyboard */,
				816FDCF5202B115200D835A7 /* Assets.xcassets */,
				816FDCF7202B115200D835A7 /* LaunchScreen.storyboard */,
				816FDCFA202B115200D835A7 /* Info.plist */,
			);
			path = RxPracticalIniOS;
			sourceTree = "<group>";
		};
		AB03CADC120C7EF50F37C9B0 /* Frameworks */ = {
			isa = PBXGroup;
			children = (
				2081D92A741015C7D1357A42 /* Pods_RxPracticalIniOS.framework */,
			);
			name = Frameworks;
			sourceTree = "<group>";
		};
/* End PBXGroup section */

/* Begin PBXNativeTarget section */
		816FDCEA202B115200D835A7 /* RxPracticalIniOS */ = {
			isa = PBXNativeTarget;
			buildConfigurationList = 816FDCFD202B115200D835A7 /* Build configuration list for PBXNativeTarget "RxPracticalIniOS" */;
			buildPhases = (
				10672F692998C28DBCB83DDB /* [CP] Check Pods Manifest.lock */,
				816FDCE7202B115200D835A7 /* Sources */,
				816FDCE8202B115200D835A7 /* Frameworks */,
				816FDCE9202B115200D835A7 /* Resources */,
				45E9F2C2230B49A868B9CBAE /* [CP] Embed Pods Frameworks */,
				7F798F91485B6D39A5020AD5 /* [CP] Copy Pods Resources */,
			);
			buildRules = (
			);
			dependencies = (
			);
			name = RxPracticalIniOS;
			productName = RxPracticalIniOS;
			productReference = 816FDCEB202B115200D835A7 /* RxPracticalIniOS.app */;
			productType = "com.apple.product-type.application";
		};
/* End PBXNativeTarget section */

/* Begin PBXProject section */
		816FDCE3202B115200D835A7 /* Project object */ = {
			isa = PBXProject;
			attributes = {
				LastSwiftUpdateCheck = 0920;
				LastUpgradeCheck = 0920;
				ORGANIZATIONNAME = "Rohit Singh";
				TargetAttributes = {
					816FDCEA202B115200D835A7 = {
						CreatedOnToolsVersion = 9.2;
						ProvisioningStyle = Manual;
					};
				};
			};
			buildConfigurationList = 816FDCE6202B115200D835A7 /* Build configuration list for PBXProject "RxPracticalIniOS" */;
			compatibilityVersion = "Xcode 8.0";
			developmentRegion = en;
			hasScannedForEncodings = 0;
			knownRegions = (
				en,
				Base,
			);
			mainGroup = 816FDCE2202B115200D835A7;
			productRefGroup = 816FDCEC202B115200D835A7 /* Products */;
			projectDirPath = "";
			projectRoot = "";
			targets = (
				816FDCEA202B115200D835A7 /* RxPracticalIniOS */,
			);
		};
/* End PBXProject section */

/* Begin PBXResourcesBuildPhase section */
		816FDCE9202B115200D835A7 /* Resources */ = {
			isa = PBXResourcesBuildPhase;
			buildActionMask = 2147483647;
			files = (
				816FDCF9202B115200D835A7 /* LaunchScreen.storyboard in Resources */,
				816FDCF6202B115200D835A7 /* Assets.xcassets in Resources */,
				816FDCF4202B115200D835A7 /* Main.storyboard in Resources */,
			);
			runOnlyForDeploymentPostprocessing = 0;
		};
/* End PBXResourcesBuildPhase section */

/* Begin PBXShellScriptBuildPhase section */
		10672F692998C28DBCB83DDB /* [CP] Check Pods Manifest.lock */ = {
			isa = PBXShellScriptBuildPhase;
			buildActionMask = 2147483647;
			files = (
			);
			inputPaths = (
				"${PODS_PODFILE_DIR_PATH}/Podfile.lock",
				"${PODS_ROOT}/Manifest.lock",
			);
			name = "[CP] Check Pods Manifest.lock";
			outputPaths = (
				"$(DERIVED_FILE_DIR)/Pods-RxPracticalIniOS-checkManifestLockResult.txt",
			);
			runOnlyForDeploymentPostprocessing = 0;
			shellPath = /bin/sh;
			shellScript = "diff \"${PODS_PODFILE_DIR_PATH}/Podfile.lock\" \"${PODS_ROOT}/Manifest.lock\" > /dev/null\nif [ $? != 0 ] ; then\n    # print error to STDERR\n    echo \"error: The sandbox is not in sync with the Podfile.lock. Run 'pod install' or update your CocoaPods installation.\" >&2\n    exit 1\nfi\n# This output is used by Xcode 'outputs' to avoid re-running this script phase.\necho \"SUCCESS\" > \"${SCRIPT_OUTPUT_FILE_0}\"\n";
			showEnvVarsInLog = 0;
		};
		45E9F2C2230B49A868B9CBAE /* [CP] Embed Pods Frameworks */ = {
			isa = PBXShellScriptBuildPhase;
			buildActionMask = 2147483647;
			files = (
			);
			inputPaths = (
				"${SRCROOT}/Pods/Target Support Files/Pods-RxPracticalIniOS/Pods-RxPracticalIniOS-frameworks.sh",
				"${BUILT_PRODUCTS_DIR}/RxCocoa/RxCocoa.framework",
				"${BUILT_PRODUCTS_DIR}/RxSwift/RxSwift.framework",
			);
			name = "[CP] Embed Pods Frameworks";
			outputPaths = (
				"${TARGET_BUILD_DIR}/${FRAMEWORKS_FOLDER_PATH}/RxCocoa.framework",
				"${TARGET_BUILD_DIR}/${FRAMEWORKS_FOLDER_PATH}/RxSwift.framework",
			);
			runOnlyForDeploymentPostprocessing = 0;
			shellPath = /bin/sh;
			shellScript = "\"${SRCROOT}/Pods/Target Support Files/Pods-RxPracticalIniOS/Pods-RxPracticalIniOS-frameworks.sh\"\n";
			showEnvVarsInLog = 0;
		};
		7F798F91485B6D39A5020AD5 /* [CP] Copy Pods Resources */ = {
			isa = PBXShellScriptBuildPhase;
			buildActionMask = 2147483647;
			files = (
			);
			inputPaths = (
			);
			name = "[CP] Copy Pods Resources";
			outputPaths = (
			);
			runOnlyForDeploymentPostprocessing = 0;
			shellPath = /bin/sh;
			shellScript = "\"${SRCROOT}/Pods/Target Support Files/Pods-RxPracticalIniOS/Pods-RxPracticalIniOS-resources.sh\"\n";
			showEnvVarsInLog = 0;
		};
/* End PBXShellScriptBuildPhase section */

/* Begin PBXSourcesBuildPhase section */
		816FDCE7202B115200D835A7 /* Sources */ = {
			isa = PBXSourcesBuildPhase;
			buildActionMask = 2147483647;
			files = (
				816FDCF1202B115200D835A7 /* ViewController.swift in Sources */,
				8173BDC8202C0B330080EBDC /* RxTableViewVC.swift in Sources */,
				8173BDC6202C0A5D0080EBDC /* TableViewCell.swift in Sources */,
				816FDCEF202B115200D835A7 /* AppDelegate.swift in Sources */,
				8173BDC4202BFE400080EBDC /* LoginViewModel.swift in Sources */,
			);
			runOnlyForDeploymentPostprocessing = 0;
		};
/* End PBXSourcesBuildPhase section */

/* Begin PBXVariantGroup section */
		816FDCF2202B115200D835A7 /* Main.storyboard */ = {
			isa = PBXVariantGroup;
			children = (
				816FDCF3202B115200D835A7 /* Base */,
			);
			name = Main.storyboard;
			sourceTree = "<group>";
		};
		816FDCF7202B115200D835A7 /* LaunchScreen.storyboard */ = {
			isa = PBXVariantGroup;
			children = (
				816FDCF8202B115200D835A7 /* Base */,
			);
			name = LaunchScreen.storyboard;
			sourceTree = "<group>";
		};
/* End PBXVariantGroup section */

/* Begin XCBuildConfiguration section */
		816FDCFB202B115200D835A7 /* Debug */ = {
			isa = XCBuildConfiguration;
			buildSettings = {
				ALWAYS_SEARCH_USER_PATHS = NO;
				CLANG_ANALYZER_NONNULL = YES;
				CLANG_ANALYZER_NUMBER_OBJECT_CONVERSION = YES_AGGRESSIVE;
				CLANG_CXX_LANGUAGE_STANDARD = "gnu++14";
				CLANG_CXX_LIBRARY = "libc++";
				CLANG_ENABLE_MODULES = YES;
				CLANG_ENABLE_OBJC_ARC = YES;
				CLANG_WARN_BLOCK_CAPTURE_AUTORELEASING = YES;
				CLANG_WARN_BOOL_CONVERSION = YES;
				CLANG_WARN_COMMA = YES;
				CLANG_WARN_CONSTANT_CONVERSION = YES;
				CLANG_WARN_DIRECT_OBJC_ISA_USAGE = YES_ERROR;
				CLANG_WARN_DOCUMENTATION_COMMENTS = YES;
				CLANG_WARN_EMPTY_BODY = YES;
				CLANG_WARN_ENUM_CONVERSION = YES;
				CLANG_WARN_INFINITE_RECURSION = YES;
				CLANG_WARN_INT_CONVERSION = YES;
				CLANG_WARN_NON_LITERAL_NULL_CONVERSION = YES;
				CLANG_WARN_OBJC_LITERAL_CONVERSION = YES;
				CLANG_WARN_OBJC_ROOT_CLASS = YES_ERROR;
				CLANG_WARN_RANGE_LOOP_ANALYSIS = YES;
				CLANG_WARN_STRICT_PROTOTYPES = YES;
				CLANG_WARN_SUSPICIOUS_MOVE = YES;
				CLANG_WARN_UNGUARDED_AVAILABILITY = YES_AGGRESSIVE;
				CLANG_WARN_UNREACHABLE_CODE = YES;
				CLANG_WARN__DUPLICATE_METHOD_MATCH = YES;
				CODE_SIGN_IDENTITY = "iPhone Developer";
				COPY_PHASE_STRIP = NO;
				DEBUG_INFORMATION_FORMAT = dwarf;
				ENABLE_STRICT_OBJC_MSGSEND = YES;
				ENABLE_TESTABILITY = YES;
				GCC_C_LANGUAGE_STANDARD = gnu11;
				GCC_DYNAMIC_NO_PIC = NO;
				GCC_NO_COMMON_BLOCKS = YES;
				GCC_OPTIMIZATION_LEVEL = 0;
				GCC_PREPROCESSOR_DEFINITIONS = (
					"DEBUG=1",
					"$(inherited)",
				);
				GCC_WARN_64_TO_32_BIT_CONVERSION = YES;
				GCC_WARN_ABOUT_RETURN_TYPE = YES_ERROR;
				GCC_WARN_UNDECLARED_SELECTOR = YES;
				GCC_WARN_UNINITIALIZED_AUTOS = YES_AGGRESSIVE;
				GCC_WARN_UNUSED_FUNCTION = YES;
				GCC_WARN_UNUSED_VARIABLE = YES;
				IPHONEOS_DEPLOYMENT_TARGET = 11.2;
				MTL_ENABLE_DEBUG_INFO = YES;
				ONLY_ACTIVE_ARCH = YES;
				SDKROOT = iphoneos;
				SWIFT_ACTIVE_COMPILATION_CONDITIONS = DEBUG;
				SWIFT_OPTIMIZATION_LEVEL = "-Onone";
			};
			name = Debug;
		};
		816FDCFC202B115200D835A7 /* Release */ = {
			isa = XCBuildConfiguration;
			buildSettings = {
				ALWAYS_SEARCH_USER_PATHS = NO;
				CLANG_ANALYZER_NONNULL = YES;
				CLANG_ANALYZER_NUMBER_OBJECT_CONVERSION = YES_AGGRESSIVE;
				CLANG_CXX_LANGUAGE_STANDARD = "gnu++14";
				CLANG_CXX_LIBRARY = "libc++";
				CLANG_ENABLE_MODULES = YES;
				CLANG_ENABLE_OBJC_ARC = YES;
				CLANG_WARN_BLOCK_CAPTURE_AUTORELEASING = YES;
				CLANG_WARN_BOOL_CONVERSION = YES;
				CLANG_WARN_COMMA = YES;
				CLANG_WARN_CONSTANT_CONVERSION = YES;
				CLANG_WARN_DIRECT_OBJC_ISA_USAGE = YES_ERROR;
				CLANG_WARN_DOCUMENTATION_COMMENTS = YES;
				CLANG_WARN_EMPTY_BODY = YES;
				CLANG_WARN_ENUM_CONVERSION = YES;
				CLANG_WARN_INFINITE_RECURSION = YES;
				CLANG_WARN_INT_CONVERSION = YES;
				CLANG_WARN_NON_LITERAL_NULL_CONVERSION = YES;
				CLANG_WARN_OBJC_LITERAL_CONVERSION = YES;
				CLANG_WARN_OBJC_ROOT_CLASS = YES_ERROR;
				CLANG_WARN_RANGE_LOOP_ANALYSIS = YES;
				CLANG_WARN_STRICT_PROTOTYPES = YES;
				CLANG_WARN_SUSPICIOUS_MOVE = YES;
				CLANG_WARN_UNGUARDED_AVAILABILITY = YES_AGGRESSIVE;
				CLANG_WARN_UNREACHABLE_CODE = YES;
				CLANG_WARN__DUPLICATE_METHOD_MATCH = YES;
				CODE_SIGN_IDENTITY = "iPhone Developer";
				COPY_PHASE_STRIP = NO;
				DEBUG_INFORMATION_FORMAT = "dwarf-with-dsym";
				ENABLE_NS_ASSERTIONS = NO;
				ENABLE_STRICT_OBJC_MSGSEND = YES;
				GCC_C_LANGUAGE_STANDARD = gnu11;
				GCC_NO_COMMON_BLOCKS = YES;
				GCC_WARN_64_TO_32_BIT_CONVERSION = YES;
				GCC_WARN_ABOUT_RETURN_TYPE = YES_ERROR;
				GCC_WARN_UNDECLARED_SELECTOR = YES;
				GCC_WARN_UNINITIALIZED_AUTOS = YES_AGGRESSIVE;
				GCC_WARN_UNUSED_FUNCTION = YES;
				GCC_WARN_UNUSED_VARIABLE = YES;
				IPHONEOS_DEPLOYMENT_TARGET = 11.2;
				MTL_ENABLE_DEBUG_INFO = NO;
				SDKROOT = iphoneos;
				SWIFT_OPTIMIZATION_LEVEL = "-Owholemodule";
				VALIDATE_PRODUCT = YES;
			};
			name = Release;
		};
		816FDCFE202B115200D835A7 /* Debug */ = {
			isa = XCBuildConfiguration;
			baseConfigurationReference = 8CB967A1C54964A654FC5A12 /* Pods-RxPracticalIniOS.debug.xcconfig */;
			buildSettings = {
				ASSETCATALOG_COMPILER_APPICON_NAME = AppIcon;
				CODE_SIGN_STYLE = Manual;
				DEVELOPMENT_TEAM = "";
				INFOPLIST_FILE = RxPracticalIniOS/Info.plist;
				LD_RUNPATH_SEARCH_PATHS = "$(inherited) @executable_path/Frameworks";
				PRODUCT_BUNDLE_IDENTIFIER = MAFCarrefour.RxPracticalIniOS;
				PRODUCT_NAME = "$(TARGET_NAME)";
				PROVISIONING_PROFILE_SPECIFIER = "";
				SWIFT_VERSION = 4.0;
				TARGETED_DEVICE_FAMILY = "1,2";
			};
			name = Debug;
		};
		816FDCFF202B115200D835A7 /* Release */ = {
			isa = XCBuildConfiguration;
			baseConfigurationReference = E53CBEC28C9076EF2AE7C848 /* Pods-RxPracticalIniOS.release.xcconfig */;
			buildSettings = {
				ASSETCATALOG_COMPILER_APPICON_NAME = AppIcon;
				CODE_SIGN_STYLE = Manual;
				DEVELOPMENT_TEAM = "";
				INFOPLIST_FILE = RxPracticalIniOS/Info.plist;
				LD_RUNPATH_SEARCH_PATHS = "$(inherited) @executable_path/Frameworks";
				PRODUCT_BUNDLE_IDENTIFIER = MAFCarrefour.RxPracticalIniOS;
				PRODUCT_NAME = "$(TARGET_NAME)";
				PROVISIONING_PROFILE_SPECIFIER = "";
				SWIFT_VERSION = 4.0;
				TARGETED_DEVICE_FAMILY = "1,2";
			};
			name = Release;
		};
/* End XCBuildConfiguration section */

/* Begin XCConfigurationList section */
		816FDCE6202B115200D835A7 /* Build configuration list for PBXProject "RxPracticalIniOS" */ = {
			isa = XCConfigurationList;
			buildConfigurations = (
				816FDCFB202B115200D835A7 /* Debug */,
				816FDCFC202B115200D835A7 /* Release */,
			);
			defaultConfigurationIsVisible = 0;
			defaultConfigurationName = Release;
		};
		816FDCFD202B115200D835A7 /* Build configuration list for PBXNativeTarget "RxPracticalIniOS" */ = {
			isa = XCConfigurationList;
			buildConfigurations = (
				816FDCFE202B115200D835A7 /* Debug */,
				816FDCFF202B115200D835A7 /* Release */,
			);
			defaultConfigurationIsVisible = 0;
			defaultConfigurationName = Release;
		};
/* End XCConfigurationList section */
	};
	rootObject = 816FDCE3202B115200D835A7 /* Project object */;
}
